{
  "version": 4,
  "terraform_version": "1.3.7",
  "serial": 174,
  "lineage": "b9fff308-8e5f-f09e-1b8a-d303a44c25a5",
  "outputs": {
    "public_ip_3": {
      "value": "34.117.225.242",
      "type": "string"
    }
  },
  "resources": [
    {
      "module": "module.load_balancer",
      "mode": "managed",
      "type": "google_compute_backend_service",
      "name": "default",
      "provider": "provider[\"registry.terraform.io/hashicorp/google\"]",
      "instances": [
        {
          "schema_version": 1,
          "attributes": {
            "affinity_cookie_ttl_sec": 0,
            "backend": [
              {
                "balancing_mode": "UTILIZATION",
                "capacity_scaler": 1,
                "description": "",
                "group": "https://www.googleapis.com/compute/v1/projects/dev-ruler-377318/zones/europe-west2-a/instanceGroups/lb-backend",
                "max_connections": null,
                "max_connections_per_endpoint": null,
                "max_connections_per_instance": null,
                "max_rate": null,
                "max_rate_per_endpoint": null,
                "max_rate_per_instance": null,
                "max_utilization": 0.8
              }
            ],
            "cdn_policy": [],
            "circuit_breakers": [],
            "connection_draining_timeout_sec": 0,
            "consistent_hash": [],
            "creation_timestamp": "2023-02-15T12:17:24.269-08:00",
            "custom_request_headers": null,
            "description": "",
            "enable_cdn": false,
            "fingerprint": "0yPKlgAx5Ek=",
            "health_checks": [
              "projects/dev-ruler-377318/global/healthChecks/http-basic-check"
            ],
            "iap": [],
            "id": "projects/dev-ruler-377318/global/backendServices/web-backend-service",
            "load_balancing_scheme": "EXTERNAL",
            "locality_lb_policy": "",
            "log_config": [],
            "name": "web-backend-service",
            "outlier_detection": [],
            "port_name": "http",
            "project": "dev-ruler-377318",
            "protocol": "HTTP",
            "security_policy": "",
            "self_link": "https://www.googleapis.com/compute/v1/projects/dev-ruler-377318/global/backendServices/web-backend-service",
            "session_affinity": "NONE",
            "timeout_sec": 30,
            "timeouts": null
          },
          "sensitive_attributes": [],
          "private": "eyJlMmJmYjczMC1lY2FhLTExZTYtOGY4OC0zNDM2M2JjN2M0YzAiOnsiY3JlYXRlIjoyNDAwMDAwMDAwMDAsImRlbGV0ZSI6MjQwMDAwMDAwMDAwLCJ1cGRhdGUiOjI0MDAwMDAwMDAwMH0sInNjaGVtYV92ZXJzaW9uIjoiMSJ9",
          "dependencies": [
            "module.load_balancer.google_compute_health_check.default",
            "module.network.google_compute_network.network",
            "module.network.google_compute_subnetwork.subnet_2",
            "module.vm.google_compute_instance_group_manager.default",
            "module.vm.google_compute_instance_template.template"
          ]
        }
      ]
    },
    {
      "module": "module.load_balancer",
      "mode": "managed",
      "type": "google_compute_global_forwarding_rule",
      "name": "default",
      "provider": "provider[\"registry.terraform.io/hashicorp/google\"]",
      "instances": [
        {
          "schema_version": 0,
          "attributes": {
            "description": "",
            "id": "projects/dev-ruler-377318/global/forwardingRules/http-content-rule",
            "ip_address": "34.117.225.242",
            "ip_protocol": "TCP",
            "ip_version": "",
            "load_balancing_scheme": "EXTERNAL",
            "metadata_filters": [],
            "name": "http-content-rule",
            "port_range": "80-80",
            "project": "dev-ruler-377318",
            "self_link": "https://www.googleapis.com/compute/v1/projects/dev-ruler-377318/global/forwardingRules/http-content-rule",
            "target": "https://www.googleapis.com/compute/v1/projects/dev-ruler-377318/global/targetHttpProxies/http-lb-proxy",
            "timeouts": null
          },
          "sensitive_attributes": [],
          "private": "eyJlMmJmYjczMC1lY2FhLTExZTYtOGY4OC0zNDM2M2JjN2M0YzAiOnsiY3JlYXRlIjoyNDAwMDAwMDAwMDAsImRlbGV0ZSI6MjQwMDAwMDAwMDAwLCJ1cGRhdGUiOjI0MDAwMDAwMDAwMH19",
          "dependencies": [
            "module.load_balancer.google_compute_backend_service.default",
            "module.load_balancer.google_compute_health_check.default",
            "module.load_balancer.google_compute_target_http_proxy.default",
            "module.load_balancer.google_compute_url_map.default",
            "module.network.google_compute_global_address.default",
            "module.network.google_compute_network.network",
            "module.network.google_compute_subnetwork.subnet_2",
            "module.vm.google_compute_instance_group_manager.default",
            "module.vm.google_compute_instance_template.template"
          ]
        }
      ]
    },
    {
      "module": "module.load_balancer",
      "mode": "managed",
      "type": "google_compute_health_check",
      "name": "default",
      "provider": "provider[\"registry.terraform.io/hashicorp/google\"]",
      "instances": [
        {
          "schema_version": 0,
          "attributes": {
            "check_interval_sec": 5,
            "creation_timestamp": "2023-02-15T12:16:01.213-08:00",
            "description": "",
            "healthy_threshold": 2,
            "http2_health_check": [],
            "http_health_check": [
              {
                "host": "",
                "port": 80,
                "port_name": "",
                "port_specification": "USE_FIXED_PORT",
                "proxy_header": "NONE",
                "request_path": "/",
                "response": ""
              }
            ],
            "https_health_check": [],
            "id": "projects/dev-ruler-377318/global/healthChecks/http-basic-check",
            "name": "http-basic-check",
            "project": "dev-ruler-377318",
            "self_link": "https://www.googleapis.com/compute/v1/projects/dev-ruler-377318/global/healthChecks/http-basic-check",
            "ssl_health_check": [],
            "tcp_health_check": [],
            "timeout_sec": 5,
            "timeouts": null,
            "type": "HTTP",
            "unhealthy_threshold": 2
          },
          "sensitive_attributes": [],
          "private": "eyJlMmJmYjczMC1lY2FhLTExZTYtOGY4OC0zNDM2M2JjN2M0YzAiOnsiY3JlYXRlIjoyNDAwMDAwMDAwMDAsImRlbGV0ZSI6MjQwMDAwMDAwMDAwLCJ1cGRhdGUiOjI0MDAwMDAwMDAwMH19"
        }
      ]
    },
    {
      "module": "module.load_balancer",
      "mode": "managed",
      "type": "google_compute_target_http_proxy",
      "name": "default",
      "provider": "provider[\"registry.terraform.io/hashicorp/google\"]",
      "instances": [
        {
          "schema_version": 0,
          "attributes": {
            "creation_timestamp": "2023-02-15T12:18:09.326-08:00",
            "description": "",
            "id": "projects/dev-ruler-377318/global/targetHttpProxies/http-lb-proxy",
            "name": "http-lb-proxy",
            "project": "dev-ruler-377318",
            "proxy_id": 6474183084680970478,
            "self_link": "https://www.googleapis.com/compute/v1/projects/dev-ruler-377318/global/targetHttpProxies/http-lb-proxy",
            "timeouts": null,
            "url_map": "https://www.googleapis.com/compute/v1/projects/dev-ruler-377318/global/urlMaps/web-map-http"
          },
          "sensitive_attributes": [],
          "private": "eyJlMmJmYjczMC1lY2FhLTExZTYtOGY4OC0zNDM2M2JjN2M0YzAiOnsiY3JlYXRlIjoyNDAwMDAwMDAwMDAsImRlbGV0ZSI6MjQwMDAwMDAwMDAwLCJ1cGRhdGUiOjI0MDAwMDAwMDAwMH19",
          "dependencies": [
            "module.load_balancer.google_compute_backend_service.default",
            "module.load_balancer.google_compute_health_check.default",
            "module.load_balancer.google_compute_url_map.default",
            "module.network.google_compute_network.network",
            "module.network.google_compute_subnetwork.subnet_2",
            "module.vm.google_compute_instance_group_manager.default",
            "module.vm.google_compute_instance_template.template"
          ]
        }
      ]
    },
    {
      "module": "module.load_balancer",
      "mode": "managed",
      "type": "google_compute_url_map",
      "name": "default",
      "provider": "provider[\"registry.terraform.io/hashicorp/google\"]",
      "instances": [
        {
          "schema_version": 0,
          "attributes": {
            "creation_timestamp": "2023-02-15T12:17:57.172-08:00",
            "default_route_action": [],
            "default_service": "https://www.googleapis.com/compute/v1/projects/dev-ruler-377318/global/backendServices/web-backend-service",
            "default_url_redirect": [],
            "description": "",
            "fingerprint": "qydn4mpQnHo=",
            "header_action": [],
            "host_rule": [],
            "id": "projects/dev-ruler-377318/global/urlMaps/web-map-http",
            "map_id": 1093343246165246746,
            "name": "web-map-http",
            "path_matcher": [],
            "project": "dev-ruler-377318",
            "self_link": "https://www.googleapis.com/compute/v1/projects/dev-ruler-377318/global/urlMaps/web-map-http",
            "test": [],
            "timeouts": null
          },
          "sensitive_attributes": [],
          "private": "eyJlMmJmYjczMC1lY2FhLTExZTYtOGY4OC0zNDM2M2JjN2M0YzAiOnsiY3JlYXRlIjoyNDAwMDAwMDAwMDAsImRlbGV0ZSI6MjQwMDAwMDAwMDAwLCJ1cGRhdGUiOjI0MDAwMDAwMDAwMH19",
          "dependencies": [
            "module.load_balancer.google_compute_backend_service.default",
            "module.load_balancer.google_compute_health_check.default",
            "module.network.google_compute_network.network",
            "module.network.google_compute_subnetwork.subnet_2",
            "module.vm.google_compute_instance_group_manager.default",
            "module.vm.google_compute_instance_template.template"
          ]
        }
      ]
    },
    {
      "module": "module.network",
      "mode": "managed",
      "type": "google_compute_firewall",
      "name": "default",
      "provider": "provider[\"registry.terraform.io/hashicorp/google\"]",
      "instances": [
        {
          "schema_version": 1,
          "attributes": {
            "allow": [
              {
                "ports": [
                  "80"
                ],
                "protocol": "tcp"
              }
            ],
            "creation_timestamp": "2023-02-15T12:16:23.772-08:00",
            "deny": [],
            "description": "",
            "destination_ranges": [],
            "direction": "INGRESS",
            "disabled": false,
            "enable_logging": false,
            "id": "projects/dev-ruler-377318/global/firewalls/fw-allow-health-check",
            "name": "fw-allow-health-check",
            "network": "https://www.googleapis.com/compute/v1/projects/dev-ruler-377318/global/networks/dvwa-network",
            "priority": 1001,
            "project": "dev-ruler-377318",
            "self_link": "https://www.googleapis.com/compute/v1/projects/dev-ruler-377318/global/firewalls/fw-allow-health-check",
            "source_ranges": [
              "130.211.0.0/22",
              "35.191.0.0/16",
              "92.237.154.94/32"
            ],
            "source_service_accounts": null,
            "source_tags": null,
            "target_service_accounts": null,
            "target_tags": [
              "allow-health-check"
            ],
            "timeouts": null
          },
          "sensitive_attributes": [],
          "private": "eyJlMmJmYjczMC1lY2FhLTExZTYtOGY4OC0zNDM2M2JjN2M0YzAiOnsiY3JlYXRlIjoyNDAwMDAwMDAwMDAsImRlbGV0ZSI6MjQwMDAwMDAwMDAwLCJ1cGRhdGUiOjI0MDAwMDAwMDAwMH0sInNjaGVtYV92ZXJzaW9uIjoiMSJ9",
          "dependencies": [
            "module.network.google_compute_network.network"
          ]
        }
      ]
    },
    {
      "module": "module.network",
      "mode": "managed",
      "type": "google_compute_firewall",
      "name": "instance-firewall",
      "provider": "provider[\"registry.terraform.io/hashicorp/google\"]",
      "instances": [
        {
          "schema_version": 1,
          "attributes": {
            "allow": [
              {
                "ports": [
                  "22"
                ],
                "protocol": "tcp"
              }
            ],
            "creation_timestamp": "2023-02-15T12:16:23.798-08:00",
            "deny": [],
            "description": "",
            "destination_ranges": [],
            "direction": "INGRESS",
            "disabled": false,
            "enable_logging": false,
            "id": "projects/dev-ruler-377318/global/firewalls/instance-firewall",
            "name": "instance-firewall",
            "network": "https://www.googleapis.com/compute/v1/projects/dev-ruler-377318/global/networks/dvwa-network",
            "priority": 1000,
            "project": "dev-ruler-377318",
            "self_link": "https://www.googleapis.com/compute/v1/projects/dev-ruler-377318/global/firewalls/instance-firewall",
            "source_ranges": [
              "92.237.154.94/32"
            ],
            "source_service_accounts": null,
            "source_tags": null,
            "target_service_accounts": null,
            "target_tags": [
              "instance-firewall"
            ],
            "timeouts": null
          },
          "sensitive_attributes": [],
          "private": "eyJlMmJmYjczMC1lY2FhLTExZTYtOGY4OC0zNDM2M2JjN2M0YzAiOnsiY3JlYXRlIjoyNDAwMDAwMDAwMDAsImRlbGV0ZSI6MjQwMDAwMDAwMDAwLCJ1cGRhdGUiOjI0MDAwMDAwMDAwMH0sInNjaGVtYV92ZXJzaW9uIjoiMSJ9",
          "dependencies": [
            "module.network.google_compute_network.network"
          ]
        }
      ]
    },
    {
      "module": "module.network",
      "mode": "managed",
      "type": "google_compute_global_address",
      "name": "default",
      "provider": "provider[\"registry.terraform.io/hashicorp/google\"]",
      "instances": [
        {
          "schema_version": 0,
          "attributes": {
            "address": "34.117.225.242",
            "address_type": "EXTERNAL",
            "creation_timestamp": "2023-02-15T12:16:01.261-08:00",
            "description": "",
            "id": "projects/dev-ruler-377318/global/addresses/lb-ipv4-1",
            "ip_version": "",
            "name": "lb-ipv4-1",
            "network": "",
            "prefix_length": 0,
            "project": "dev-ruler-377318",
            "purpose": "",
            "self_link": "https://www.googleapis.com/compute/v1/projects/dev-ruler-377318/global/addresses/lb-ipv4-1",
            "timeouts": null
          },
          "sensitive_attributes": [],
          "private": "eyJlMmJmYjczMC1lY2FhLTExZTYtOGY4OC0zNDM2M2JjN2M0YzAiOnsiY3JlYXRlIjoyNDAwMDAwMDAwMDAsImRlbGV0ZSI6MjQwMDAwMDAwMDAwfX0="
        }
      ]
    },
    {
      "module": "module.network",
      "mode": "managed",
      "type": "google_compute_network",
      "name": "network",
      "provider": "provider[\"registry.terraform.io/hashicorp/google\"]",
      "instances": [
        {
          "schema_version": 0,
          "attributes": {
            "auto_create_subnetworks": false,
            "delete_default_routes_on_create": false,
            "description": "",
            "gateway_ipv4": "",
            "id": "projects/dev-ruler-377318/global/networks/dvwa-network",
            "ipv4_range": null,
            "name": "dvwa-network",
            "project": "dev-ruler-377318",
            "routing_mode": "REGIONAL",
            "self_link": "https://www.googleapis.com/compute/v1/projects/dev-ruler-377318/global/networks/dvwa-network",
            "timeouts": null
          },
          "sensitive_attributes": [],
          "private": "eyJlMmJmYjczMC1lY2FhLTExZTYtOGY4OC0zNDM2M2JjN2M0YzAiOnsiY3JlYXRlIjoyNDAwMDAwMDAwMDAsImRlbGV0ZSI6MjQwMDAwMDAwMDAwLCJ1cGRhdGUiOjI0MDAwMDAwMDAwMH19"
        }
      ]
    },
    {
      "module": "module.network",
      "mode": "managed",
      "type": "google_compute_subnetwork",
      "name": "subnet_1",
      "provider": "provider[\"registry.terraform.io/hashicorp/google\"]",
      "instances": [
        {
          "schema_version": 0,
          "attributes": {
            "creation_timestamp": "2023-02-15T12:16:24.894-08:00",
            "description": "",
            "enable_flow_logs": null,
            "fingerprint": null,
            "gateway_address": "10.1.0.1",
            "id": "projects/dev-ruler-377318/regions/europe-west2/subnetworks/subnet-1",
            "ip_cidr_range": "10.1.0.0/16",
            "log_config": [],
            "name": "subnet-1",
            "network": "https://www.googleapis.com/compute/v1/projects/dev-ruler-377318/global/networks/dvwa-network",
            "private_ip_google_access": false,
            "project": "dev-ruler-377318",
            "region": "europe-west2",
            "secondary_ip_range": [],
            "self_link": "https://www.googleapis.com/compute/v1/projects/dev-ruler-377318/regions/europe-west2/subnetworks/subnet-1",
            "timeouts": null
          },
          "sensitive_attributes": [],
          "private": "eyJlMmJmYjczMC1lY2FhLTExZTYtOGY4OC0zNDM2M2JjN2M0YzAiOnsiY3JlYXRlIjozNjAwMDAwMDAwMDAsImRlbGV0ZSI6MzYwMDAwMDAwMDAwLCJ1cGRhdGUiOjM2MDAwMDAwMDAwMH19",
          "dependencies": [
            "module.network.google_compute_network.network"
          ]
        }
      ]
    },
    {
      "module": "module.network",
      "mode": "managed",
      "type": "google_compute_subnetwork",
      "name": "subnet_2",
      "provider": "provider[\"registry.terraform.io/hashicorp/google\"]",
      "instances": [
        {
          "schema_version": 0,
          "attributes": {
            "creation_timestamp": "2023-02-15T12:16:24.653-08:00",
            "description": "",
            "enable_flow_logs": null,
            "fingerprint": null,
            "gateway_address": "10.2.0.1",
            "id": "projects/dev-ruler-377318/regions/europe-west2/subnetworks/subnet-2",
            "ip_cidr_range": "10.2.0.0/16",
            "log_config": [],
            "name": "subnet-2",
            "network": "https://www.googleapis.com/compute/v1/projects/dev-ruler-377318/global/networks/dvwa-network",
            "private_ip_google_access": false,
            "project": "dev-ruler-377318",
            "region": "europe-west2",
            "secondary_ip_range": [],
            "self_link": "https://www.googleapis.com/compute/v1/projects/dev-ruler-377318/regions/europe-west2/subnetworks/subnet-2",
            "timeouts": null
          },
          "sensitive_attributes": [],
          "private": "eyJlMmJmYjczMC1lY2FhLTExZTYtOGY4OC0zNDM2M2JjN2M0YzAiOnsiY3JlYXRlIjozNjAwMDAwMDAwMDAsImRlbGV0ZSI6MzYwMDAwMDAwMDAwLCJ1cGRhdGUiOjM2MDAwMDAwMDAwMH19",
          "dependencies": [
            "module.network.google_compute_network.network"
          ]
        }
      ]
    },
    {
      "module": "module.vm",
      "mode": "managed",
      "type": "google_compute_instance_group_manager",
      "name": "default",
      "provider": "provider[\"registry.terraform.io/hashicorp/google\"]",
      "instances": [
        {
          "schema_version": 0,
          "attributes": {
            "auto_healing_policies": [],
            "base_instance_name": "vm",
            "description": "",
            "fingerprint": "51kndXDtCAA=",
            "id": "projects/dev-ruler-377318/zones/europe-west2-a/instanceGroupManagers/lb-backend",
            "instance_group": "https://www.googleapis.com/compute/v1/projects/dev-ruler-377318/zones/europe-west2-a/instanceGroups/lb-backend",
            "instance_template": null,
            "name": "lb-backend",
            "named_port": [
              {
                "name": "http",
                "port": 80
              }
            ],
            "project": "dev-ruler-377318",
            "self_link": "https://www.googleapis.com/compute/v1/projects/dev-ruler-377318/zones/europe-west2-a/instanceGroupManagers/lb-backend",
            "target_pools": null,
            "target_size": 2,
            "timeouts": null,
            "update_policy": [
              {
                "max_surge_fixed": 1,
                "max_surge_percent": 0,
                "max_unavailable_fixed": 1,
                "max_unavailable_percent": 0,
                "min_ready_sec": 0,
                "minimal_action": "REPLACE",
                "type": "OPPORTUNISTIC"
              }
            ],
            "update_strategy": null,
            "version": [
              {
                "instance_template": "https://www.googleapis.com/compute/v1/projects/dev-ruler-377318/global/instanceTemplates/dvwa-vm-1",
                "name": "primary",
                "target_size": []
              }
            ],
            "wait_for_instances": false,
            "zone": "europe-west2-a"
          },
          "sensitive_attributes": [],
          "private": "eyJlMmJmYjczMC1lY2FhLTExZTYtOGY4OC0zNDM2M2JjN2M0YzAiOnsiY3JlYXRlIjozMDAwMDAwMDAwMDAsImRlbGV0ZSI6OTAwMDAwMDAwMDAwLCJ1cGRhdGUiOjMwMDAwMDAwMDAwMH19",
          "dependencies": [
            "module.network.google_compute_network.network",
            "module.network.google_compute_subnetwork.subnet_2",
            "module.vm.google_compute_instance_template.template"
          ]
        }
      ]
    },
    {
      "module": "module.vm",
      "mode": "managed",
      "type": "google_compute_instance_template",
      "name": "template",
      "provider": "provider[\"registry.terraform.io/hashicorp/google\"]",
      "instances": [
        {
          "schema_version": 1,
          "attributes": {
            "can_ip_forward": false,
            "description": "",
            "disk": [
              {
                "auto_delete": true,
                "boot": true,
                "device_name": "persistent-disk-0",
                "disk_encryption_key": [],
                "disk_name": "",
                "disk_size_gb": 0,
                "disk_type": "pd-standard",
                "interface": "SCSI",
                "labels": null,
                "mode": "READ_WRITE",
                "source": "",
                "source_image": "projects/ubuntu-os-cloud/global/images/ubuntu-2204-jammy-v20230114",
                "type": "PERSISTENT"
              }
            ],
            "enable_display": null,
            "guest_accelerator": [],
            "id": "projects/dev-ruler-377318/global/instanceTemplates/dvwa-vm-1",
            "instance_description": "",
            "labels": null,
            "machine_type": "e2-micro",
            "metadata": {
              "ssh-keys": "ubuntu:ssh-rsa AAAAB3NzaC1yc2EAAAADAQABAAABgQDoLGEoGuDaGi5zqBA5OdfqBMfU7kihFG0958JRHv7rQxMP81Bc3b8KDFqKrsbR+Yting1yjL7UmvDPOAVCoe1oFE0Bn904ftt3phIwHTRto+yYn022IR5fenVcpsFuSox6f2jM3jzouw8U3tkTRtpwzsqZUkHmPflm94Vkw14263wZSUTWqo92/s9nxmmSV882Va3py39yKEwlXlL5aEnTZMk9Ts3z5t6oZbNSVVrkpD1zPS9aQtWh6Og7gRcIlq2FoxfddSrvWysunAoqSip45S2oVt0WUWo8eDTjwL+xG44ZPxlhuaU7xcwX2MleiDMQV3G6Czu+rNA4rTnJDc+Uo+yMHrCgV8cfNQYwhGRQfvIM1AMimz/gzJ/8gU52GMbpgXU6g/9FMaYXzI9ZmTmibnCQg2Jm3awRfcm9IjQjFQC4lxQI4lkKDE1aJxx/u8Fg5AEkvffdGYt5hcPttLlKX7YFGfSvteFgwtLgmejwERTMu6TuCysjmpFy5c+YMpk= james@MintBox\n"
            },
            "metadata_fingerprint": "IJHTMau0C8w=",
            "metadata_startup_script": "sudo apt update;\nsudo apt install docker docker.io -y;\nsudo docker pull jibba/web-dvwa:project;\nsudo docker run -d -it -p 80:80 jibba/web-dvwa:project;\n",
            "min_cpu_platform": "",
            "name": "dvwa-vm-1",
            "name_prefix": null,
            "network_interface": [
              {
                "access_config": [
                  {
                    "nat_ip": "",
                    "network_tier": "PREMIUM",
                    "public_ptr_domain_name": ""
                  }
                ],
                "alias_ip_range": [],
                "name": "nic0",
                "network": "https://www.googleapis.com/compute/v1/projects/dev-ruler-377318/global/networks/dvwa-network",
                "network_ip": "",
                "subnetwork": "https://www.googleapis.com/compute/v1/projects/dev-ruler-377318/regions/europe-west2/subnetworks/subnet-2",
                "subnetwork_project": "dev-ruler-377318"
              }
            ],
            "project": "dev-ruler-377318",
            "region": "europe-west2",
            "scheduling": [
              {
                "automatic_restart": true,
                "node_affinities": [],
                "on_host_maintenance": "MIGRATE",
                "preemptible": false
              }
            ],
            "self_link": "https://www.googleapis.com/compute/beta/projects/dev-ruler-377318/global/instanceTemplates/dvwa-vm-1",
            "service_account": [],
            "shielded_instance_config": [],
            "tags": [
              "allow-health-check",
              "instance-firewall"
            ],
            "tags_fingerprint": "",
            "timeouts": null
          },
          "sensitive_attributes": [],
          "private": "eyJlMmJmYjczMC1lY2FhLTExZTYtOGY4OC0zNDM2M2JjN2M0YzAiOnsiY3JlYXRlIjoyNDAwMDAwMDAwMDAsImRlbGV0ZSI6MjQwMDAwMDAwMDAwfSwic2NoZW1hX3ZlcnNpb24iOiIxIn0=",
          "dependencies": [
            "module.network.google_compute_network.network",
            "module.network.google_compute_subnetwork.subnet_2"
          ]
        }
      ]
    }
  ],
  "check_results": null
}
