{
  "version": 4,
  "terraform_version": "1.3.7",
  "serial": 265,
  "lineage": "7bda5030-8da3-1a6a-8c10-677fde72655b",
  "outputs": {
    "public_ip_1": {
      "value": "172.167.240.23",
      "type": "string"
    },
    "public_ip_2": {
      "value": "20.77.68.219",
      "type": "string"
    }
  },
  "resources": [
    {
      "module": "module.app_gate",
      "mode": "managed",
      "type": "azurerm_application_gateway",
      "name": "app_gateway",
      "provider": "provider[\"registry.terraform.io/hashicorp/azurerm\"]",
      "instances": [
        {
          "schema_version": 0,
          "attributes": {
            "authentication_certificate": [],
            "autoscale_configuration": [],
            "backend_address_pool": [
              {
                "fqdns": [],
                "id": "/subscriptions/0cd2f854-b0eb-4100-b40d-2d8f27c8ee54/resourceGroups/project_dvwa/providers/Microsoft.Network/applicationGateways/app_gate/backendAddressPools/backend_pool",
                "ip_addresses": [],
                "name": "backend_pool"
              }
            ],
            "backend_http_settings": [
              {
                "affinity_cookie_name": "",
                "authentication_certificate": [],
                "connection_draining": [],
                "cookie_based_affinity": "Disabled",
                "host_name": "",
                "id": "/subscriptions/0cd2f854-b0eb-4100-b40d-2d8f27c8ee54/resourceGroups/project_dvwa/providers/Microsoft.Network/applicationGateways/app_gate/backendHttpSettingsCollection/http_back",
                "name": "http_back",
                "path": "/",
                "pick_host_name_from_backend_address": false,
                "port": 80,
                "probe_id": "",
                "probe_name": "",
                "protocol": "Http",
                "request_timeout": 60,
                "trusted_root_certificate_names": []
              }
            ],
            "custom_error_configuration": [],
            "enable_http2": false,
            "fips_enabled": false,
            "firewall_policy_id": null,
            "force_firewall_policy_association": false,
            "frontend_ip_configuration": [
              {
                "id": "/subscriptions/0cd2f854-b0eb-4100-b40d-2d8f27c8ee54/resourceGroups/project_dvwa/providers/Microsoft.Network/applicationGateways/app_gate/frontendIPConfigurations/frontend_ip",
                "name": "frontend_ip",
                "private_ip_address": "",
                "private_ip_address_allocation": "Dynamic",
                "private_link_configuration_id": "",
                "private_link_configuration_name": "",
                "public_ip_address_id": "/subscriptions/0cd2f854-b0eb-4100-b40d-2d8f27c8ee54/resourceGroups/project_dvwa/providers/Microsoft.Network/publicIPAddresses/public_ip_3",
                "subnet_id": ""
              }
            ],
            "frontend_port": [
              {
                "id": "/subscriptions/0cd2f854-b0eb-4100-b40d-2d8f27c8ee54/resourceGroups/project_dvwa/providers/Microsoft.Network/applicationGateways/app_gate/frontendPorts/Http",
                "name": "Http",
                "port": 80
              }
            ],
            "gateway_ip_configuration": [
              {
                "id": "/subscriptions/0cd2f854-b0eb-4100-b40d-2d8f27c8ee54/resourceGroups/project_dvwa/providers/Microsoft.Network/applicationGateways/app_gate/gatewayIPConfigurations/frontend_ip",
                "name": "frontend_ip",
                "subnet_id": "/subscriptions/0cd2f854-b0eb-4100-b40d-2d8f27c8ee54/resourceGroups/project_dvwa/providers/Microsoft.Network/virtualNetworks/dvwa_network_1/subnets/frontend_subnet"
              }
            ],
            "global": [],
            "http_listener": [
              {
                "custom_error_configuration": [],
                "firewall_policy_id": "",
                "frontend_ip_configuration_id": "/subscriptions/0cd2f854-b0eb-4100-b40d-2d8f27c8ee54/resourceGroups/project_dvwa/providers/Microsoft.Network/applicationGateways/app_gate/frontendIPConfigurations/frontend_ip",
                "frontend_ip_configuration_name": "frontend_ip",
                "frontend_port_id": "/subscriptions/0cd2f854-b0eb-4100-b40d-2d8f27c8ee54/resourceGroups/project_dvwa/providers/Microsoft.Network/applicationGateways/app_gate/frontendPorts/Http",
                "frontend_port_name": "Http",
                "host_name": "",
                "host_names": [],
                "id": "/subscriptions/0cd2f854-b0eb-4100-b40d-2d8f27c8ee54/resourceGroups/project_dvwa/providers/Microsoft.Network/applicationGateways/app_gate/httpListeners/Http_listener",
                "name": "Http_listener",
                "protocol": "Http",
                "require_sni": false,
                "ssl_certificate_id": "",
                "ssl_certificate_name": "",
                "ssl_profile_id": "",
                "ssl_profile_name": ""
              }
            ],
            "id": "/subscriptions/0cd2f854-b0eb-4100-b40d-2d8f27c8ee54/resourceGroups/project_dvwa/providers/Microsoft.Network/applicationGateways/app_gate",
            "identity": [],
            "location": "uksouth",
            "name": "app_gate",
            "private_endpoint_connection": [],
            "private_link_configuration": [],
            "probe": [],
            "redirect_configuration": [],
            "request_routing_rule": [
              {
                "backend_address_pool_id": "/subscriptions/0cd2f854-b0eb-4100-b40d-2d8f27c8ee54/resourceGroups/project_dvwa/providers/Microsoft.Network/applicationGateways/app_gate/backendAddressPools/backend_pool",
                "backend_address_pool_name": "backend_pool",
                "backend_http_settings_id": "/subscriptions/0cd2f854-b0eb-4100-b40d-2d8f27c8ee54/resourceGroups/project_dvwa/providers/Microsoft.Network/applicationGateways/app_gate/backendHttpSettingsCollection/http_back",
                "backend_http_settings_name": "http_back",
                "http_listener_id": "/subscriptions/0cd2f854-b0eb-4100-b40d-2d8f27c8ee54/resourceGroups/project_dvwa/providers/Microsoft.Network/applicationGateways/app_gate/httpListeners/Http_listener",
                "http_listener_name": "Http_listener",
                "id": "/subscriptions/0cd2f854-b0eb-4100-b40d-2d8f27c8ee54/resourceGroups/project_dvwa/providers/Microsoft.Network/applicationGateways/app_gate/requestRoutingRules/routing_rule",
                "name": "routing_rule",
                "priority": 1,
                "redirect_configuration_id": "",
                "redirect_configuration_name": "",
                "rewrite_rule_set_id": "",
                "rewrite_rule_set_name": "",
                "rule_type": "Basic",
                "url_path_map_id": "",
                "url_path_map_name": ""
              }
            ],
            "resource_group_name": "project_dvwa",
            "rewrite_rule_set": [],
            "sku": [
              {
                "capacity": 2,
                "name": "WAF_v2",
                "tier": "WAF_v2"
              }
            ],
            "ssl_certificate": [],
            "ssl_policy": [
              {
                "cipher_suites": [],
                "disabled_protocols": [],
                "min_protocol_version": "",
                "policy_name": "AppGwSslPolicy20150501",
                "policy_type": "Predefined"
              }
            ],
            "ssl_profile": [],
            "tags": {},
            "timeouts": null,
            "trusted_client_certificate": [],
            "trusted_root_certificate": [],
            "url_path_map": [],
            "waf_configuration": [
              {
                "disabled_rule_group": [],
                "enabled": true,
                "exclusion": [],
                "file_upload_limit_mb": 100,
                "firewall_mode": "Prevention",
                "max_request_body_size_kb": 128,
                "request_body_check": true,
                "rule_set_type": "OWASP",
                "rule_set_version": "3.2"
              }
            ],
            "zones": [
              "2",
              "3"
            ]
          },
          "sensitive_attributes": [],
          "private": "eyJlMmJmYjczMC1lY2FhLTExZTYtOGY4OC0zNDM2M2JjN2M0YzAiOnsiY3JlYXRlIjo1NDAwMDAwMDAwMDAwLCJkZWxldGUiOjU0MDAwMDAwMDAwMDAsInJlYWQiOjMwMDAwMDAwMDAwMCwidXBkYXRlIjo1NDAwMDAwMDAwMDAwfX0=",
          "dependencies": [
            "module.network.azurerm_public_ip.public_ip_3",
            "module.network.azurerm_subnet.frontend_subnet",
            "module.network.azurerm_virtual_network.dvwa_network_1",
            "module.resource_group.azurerm_resource_group.project_dvwa"
          ]
        }
      ]
    },
    {
      "module": "module.app_gate",
      "mode": "managed",
      "type": "azurerm_network_interface_application_gateway_backend_address_pool_association",
      "name": "dvwa_backend_nic_1",
      "provider": "provider[\"registry.terraform.io/hashicorp/azurerm\"]",
      "instances": []
    },
    {
      "module": "module.app_gate",
      "mode": "managed",
      "type": "azurerm_network_interface_application_gateway_backend_address_pool_association",
      "name": "dvwa_backend_nic_2",
      "provider": "provider[\"registry.terraform.io/hashicorp/azurerm\"]",
      "instances": []
    },
    {
      "module": "module.network",
      "mode": "managed",
      "type": "azurerm_network_interface",
      "name": "dvwa_nic_1",
      "provider": "provider[\"registry.terraform.io/hashicorp/azurerm\"]",
      "instances": [
        {
          "schema_version": 0,
          "attributes": {
            "applied_dns_servers": [],
            "dns_servers": [],
            "edge_zone": "",
            "enable_accelerated_networking": false,
            "enable_ip_forwarding": false,
            "id": "/subscriptions/0cd2f854-b0eb-4100-b40d-2d8f27c8ee54/resourceGroups/project_dvwa/providers/Microsoft.Network/networkInterfaces/dvwa_nic_1",
            "internal_dns_name_label": "",
            "internal_domain_name_suffix": "kcewdpdfnd5uzoemyqjvcturef.zx.internal.cloudapp.net",
            "ip_configuration": [
              {
                "gateway_load_balancer_frontend_ip_configuration_id": "",
                "name": "dvwa_nic_config_1",
                "primary": true,
                "private_ip_address": "10.0.1.4",
                "private_ip_address_allocation": "Dynamic",
                "private_ip_address_version": "IPv4",
                "public_ip_address_id": "/subscriptions/0cd2f854-b0eb-4100-b40d-2d8f27c8ee54/resourceGroups/project_dvwa/providers/Microsoft.Network/publicIPAddresses/public_ip_1",
                "subnet_id": "/subscriptions/0cd2f854-b0eb-4100-b40d-2d8f27c8ee54/resourceGroups/project_dvwa/providers/Microsoft.Network/virtualNetworks/dvwa_network_1/subnets/dvwa_subnet_1"
              }
            ],
            "location": "uksouth",
            "mac_address": "00-0D-3A-D6-69-5F",
            "name": "dvwa_nic_1",
            "private_ip_address": "10.0.1.4",
            "private_ip_addresses": [
              "10.0.1.4"
            ],
            "resource_group_name": "project_dvwa",
            "tags": {},
            "timeouts": null,
            "virtual_machine_id": "/subscriptions/0cd2f854-b0eb-4100-b40d-2d8f27c8ee54/resourceGroups/project_dvwa/providers/Microsoft.Compute/virtualMachines/dvwa_vm_1"
          },
          "sensitive_attributes": [],
          "private": "eyJlMmJmYjczMC1lY2FhLTExZTYtOGY4OC0zNDM2M2JjN2M0YzAiOnsiY3JlYXRlIjoxODAwMDAwMDAwMDAwLCJkZWxldGUiOjE4MDAwMDAwMDAwMDAsInJlYWQiOjMwMDAwMDAwMDAwMCwidXBkYXRlIjoxODAwMDAwMDAwMDAwfX0=",
          "dependencies": [
            "module.network.azurerm_public_ip.public_ip_1",
            "module.network.azurerm_subnet.dvwa_subnet_1",
            "module.network.azurerm_virtual_network.dvwa_network_1",
            "module.resource_group.azurerm_resource_group.project_dvwa"
          ]
        }
      ]
    },
    {
      "module": "module.network",
      "mode": "managed",
      "type": "azurerm_network_interface",
      "name": "dvwa_nic_2",
      "provider": "provider[\"registry.terraform.io/hashicorp/azurerm\"]",
      "instances": [
        {
          "schema_version": 0,
          "attributes": {
            "applied_dns_servers": [],
            "dns_servers": [],
            "edge_zone": "",
            "enable_accelerated_networking": false,
            "enable_ip_forwarding": false,
            "id": "/subscriptions/0cd2f854-b0eb-4100-b40d-2d8f27c8ee54/resourceGroups/project_dvwa/providers/Microsoft.Network/networkInterfaces/dvwa_nic_2",
            "internal_dns_name_label": "",
            "internal_domain_name_suffix": "kcewdpdfnd5uzoemyqjvcturef.zx.internal.cloudapp.net",
            "ip_configuration": [
              {
                "gateway_load_balancer_frontend_ip_configuration_id": "",
                "name": "dvwa_nic_config_2",
                "primary": true,
                "private_ip_address": "10.0.2.4",
                "private_ip_address_allocation": "Dynamic",
                "private_ip_address_version": "IPv4",
                "public_ip_address_id": "/subscriptions/0cd2f854-b0eb-4100-b40d-2d8f27c8ee54/resourceGroups/project_dvwa/providers/Microsoft.Network/publicIPAddresses/public_ip_2",
                "subnet_id": "/subscriptions/0cd2f854-b0eb-4100-b40d-2d8f27c8ee54/resourceGroups/project_dvwa/providers/Microsoft.Network/virtualNetworks/dvwa_network_1/subnets/dvwa_subnet_2"
              }
            ],
            "location": "uksouth",
            "mac_address": "00-22-48-40-E4-50",
            "name": "dvwa_nic_2",
            "private_ip_address": "10.0.2.4",
            "private_ip_addresses": [
              "10.0.2.4"
            ],
            "resource_group_name": "project_dvwa",
            "tags": {},
            "timeouts": null,
            "virtual_machine_id": "/subscriptions/0cd2f854-b0eb-4100-b40d-2d8f27c8ee54/resourceGroups/project_dvwa/providers/Microsoft.Compute/virtualMachines/dvwa_vm_2"
          },
          "sensitive_attributes": [],
          "private": "eyJlMmJmYjczMC1lY2FhLTExZTYtOGY4OC0zNDM2M2JjN2M0YzAiOnsiY3JlYXRlIjoxODAwMDAwMDAwMDAwLCJkZWxldGUiOjE4MDAwMDAwMDAwMDAsInJlYWQiOjMwMDAwMDAwMDAwMCwidXBkYXRlIjoxODAwMDAwMDAwMDAwfX0=",
          "dependencies": [
            "module.network.azurerm_public_ip.public_ip_2",
            "module.network.azurerm_subnet.dvwa_subnet_2",
            "module.network.azurerm_virtual_network.dvwa_network_1",
            "module.resource_group.azurerm_resource_group.project_dvwa"
          ]
        }
      ]
    },
    {
      "module": "module.network",
      "mode": "managed",
      "type": "azurerm_network_interface_security_group_association",
      "name": "nsg_1",
      "provider": "provider[\"registry.terraform.io/hashicorp/azurerm\"]",
      "instances": [
        {
          "schema_version": 0,
          "attributes": {
            "id": "/subscriptions/0cd2f854-b0eb-4100-b40d-2d8f27c8ee54/resourceGroups/project_dvwa/providers/Microsoft.Network/networkInterfaces/dvwa_nic_1|/subscriptions/0cd2f854-b0eb-4100-b40d-2d8f27c8ee54/resourceGroups/project_dvwa/providers/Microsoft.Network/networkSecurityGroups/project_nsg_1",
            "network_interface_id": "/subscriptions/0cd2f854-b0eb-4100-b40d-2d8f27c8ee54/resourceGroups/project_dvwa/providers/Microsoft.Network/networkInterfaces/dvwa_nic_1",
            "network_security_group_id": "/subscriptions/0cd2f854-b0eb-4100-b40d-2d8f27c8ee54/resourceGroups/project_dvwa/providers/Microsoft.Network/networkSecurityGroups/project_nsg_1",
            "timeouts": null
          },
          "sensitive_attributes": [],
          "private": "eyJlMmJmYjczMC1lY2FhLTExZTYtOGY4OC0zNDM2M2JjN2M0YzAiOnsiY3JlYXRlIjoxODAwMDAwMDAwMDAwLCJkZWxldGUiOjE4MDAwMDAwMDAwMDAsInJlYWQiOjMwMDAwMDAwMDAwMCwidXBkYXRlIjoxODAwMDAwMDAwMDAwfX0=",
          "dependencies": [
            "module.network.azurerm_network_interface.dvwa_nic_1",
            "module.network.azurerm_network_security_group.project_nsg_1",
            "module.network.azurerm_public_ip.public_ip_1",
            "module.network.azurerm_subnet.dvwa_subnet_1",
            "module.network.azurerm_virtual_network.dvwa_network_1",
            "module.resource_group.azurerm_resource_group.project_dvwa"
          ]
        }
      ]
    },
    {
      "module": "module.network",
      "mode": "managed",
      "type": "azurerm_network_interface_security_group_association",
      "name": "nsg_2",
      "provider": "provider[\"registry.terraform.io/hashicorp/azurerm\"]",
      "instances": [
        {
          "schema_version": 0,
          "attributes": {
            "id": "/subscriptions/0cd2f854-b0eb-4100-b40d-2d8f27c8ee54/resourceGroups/project_dvwa/providers/Microsoft.Network/networkInterfaces/dvwa_nic_2|/subscriptions/0cd2f854-b0eb-4100-b40d-2d8f27c8ee54/resourceGroups/project_dvwa/providers/Microsoft.Network/networkSecurityGroups/project_nsg_1",
            "network_interface_id": "/subscriptions/0cd2f854-b0eb-4100-b40d-2d8f27c8ee54/resourceGroups/project_dvwa/providers/Microsoft.Network/networkInterfaces/dvwa_nic_2",
            "network_security_group_id": "/subscriptions/0cd2f854-b0eb-4100-b40d-2d8f27c8ee54/resourceGroups/project_dvwa/providers/Microsoft.Network/networkSecurityGroups/project_nsg_1",
            "timeouts": null
          },
          "sensitive_attributes": [],
          "private": "eyJlMmJmYjczMC1lY2FhLTExZTYtOGY4OC0zNDM2M2JjN2M0YzAiOnsiY3JlYXRlIjoxODAwMDAwMDAwMDAwLCJkZWxldGUiOjE4MDAwMDAwMDAwMDAsInJlYWQiOjMwMDAwMDAwMDAwMCwidXBkYXRlIjoxODAwMDAwMDAwMDAwfX0=",
          "dependencies": [
            "module.network.azurerm_network_interface.dvwa_nic_2",
            "module.network.azurerm_network_security_group.project_nsg_1",
            "module.network.azurerm_public_ip.public_ip_2",
            "module.network.azurerm_subnet.dvwa_subnet_2",
            "module.network.azurerm_virtual_network.dvwa_network_1",
            "module.resource_group.azurerm_resource_group.project_dvwa"
          ]
        }
      ]
    },
    {
      "module": "module.network",
      "mode": "managed",
      "type": "azurerm_network_security_group",
      "name": "project_nsg_1",
      "provider": "provider[\"registry.terraform.io/hashicorp/azurerm\"]",
      "instances": [
        {
          "schema_version": 0,
          "attributes": {
            "id": "/subscriptions/0cd2f854-b0eb-4100-b40d-2d8f27c8ee54/resourceGroups/project_dvwa/providers/Microsoft.Network/networkSecurityGroups/project_nsg_1",
            "location": "uksouth",
            "name": "project_nsg_1",
            "resource_group_name": "project_dvwa",
            "security_rule": [
              {
                "access": "Allow",
                "description": "",
                "destination_address_prefix": "*",
                "destination_address_prefixes": [],
                "destination_application_security_group_ids": [],
                "destination_port_range": "22",
                "destination_port_ranges": [],
                "direction": "Inbound",
                "name": "SSH",
                "priority": 1001,
                "protocol": "Tcp",
                "source_address_prefix": "92.237.154.94/32",
                "source_address_prefixes": [],
                "source_application_security_group_ids": [],
                "source_port_range": "*",
                "source_port_ranges": []
              }
            ],
            "tags": {},
            "timeouts": null
          },
          "sensitive_attributes": [],
          "private": "eyJlMmJmYjczMC1lY2FhLTExZTYtOGY4OC0zNDM2M2JjN2M0YzAiOnsiY3JlYXRlIjoxODAwMDAwMDAwMDAwLCJkZWxldGUiOjE4MDAwMDAwMDAwMDAsInJlYWQiOjMwMDAwMDAwMDAwMCwidXBkYXRlIjoxODAwMDAwMDAwMDAwfX0=",
          "dependencies": [
            "module.resource_group.azurerm_resource_group.project_dvwa"
          ]
        }
      ]
    },
    {
      "module": "module.network",
      "mode": "managed",
      "type": "azurerm_public_ip",
      "name": "public_ip_1",
      "provider": "provider[\"registry.terraform.io/hashicorp/azurerm\"]",
      "instances": [
        {
          "schema_version": 0,
          "attributes": {
            "allocation_method": "Static",
            "ddos_protection_mode": "VirtualNetworkInherited",
            "ddos_protection_plan_id": null,
            "domain_name_label": null,
            "edge_zone": "",
            "fqdn": null,
            "id": "/subscriptions/0cd2f854-b0eb-4100-b40d-2d8f27c8ee54/resourceGroups/project_dvwa/providers/Microsoft.Network/publicIPAddresses/public_ip_1",
            "idle_timeout_in_minutes": 4,
            "ip_address": "172.167.240.23",
            "ip_tags": {},
            "ip_version": "IPv4",
            "location": "uksouth",
            "name": "public_ip_1",
            "public_ip_prefix_id": null,
            "resource_group_name": "project_dvwa",
            "reverse_fqdn": null,
            "sku": "Standard",
            "sku_tier": "Regional",
            "tags": {},
            "timeouts": null,
            "zones": [
              "2"
            ]
          },
          "sensitive_attributes": [],
          "private": "eyJlMmJmYjczMC1lY2FhLTExZTYtOGY4OC0zNDM2M2JjN2M0YzAiOnsiY3JlYXRlIjoxODAwMDAwMDAwMDAwLCJkZWxldGUiOjE4MDAwMDAwMDAwMDAsInJlYWQiOjMwMDAwMDAwMDAwMCwidXBkYXRlIjoxODAwMDAwMDAwMDAwfX0=",
          "dependencies": [
            "module.resource_group.azurerm_resource_group.project_dvwa"
          ]
        }
      ]
    },
    {
      "module": "module.network",
      "mode": "managed",
      "type": "azurerm_public_ip",
      "name": "public_ip_2",
      "provider": "provider[\"registry.terraform.io/hashicorp/azurerm\"]",
      "instances": [
        {
          "schema_version": 0,
          "attributes": {
            "allocation_method": "Static",
            "ddos_protection_mode": "VirtualNetworkInherited",
            "ddos_protection_plan_id": null,
            "domain_name_label": null,
            "edge_zone": "",
            "fqdn": null,
            "id": "/subscriptions/0cd2f854-b0eb-4100-b40d-2d8f27c8ee54/resourceGroups/project_dvwa/providers/Microsoft.Network/publicIPAddresses/public_ip_2",
            "idle_timeout_in_minutes": 4,
            "ip_address": "20.77.68.219",
            "ip_tags": {},
            "ip_version": "IPv4",
            "location": "uksouth",
            "name": "public_ip_2",
            "public_ip_prefix_id": null,
            "resource_group_name": "project_dvwa",
            "reverse_fqdn": null,
            "sku": "Standard",
            "sku_tier": "Regional",
            "tags": {},
            "timeouts": null,
            "zones": [
              "3"
            ]
          },
          "sensitive_attributes": [],
          "private": "eyJlMmJmYjczMC1lY2FhLTExZTYtOGY4OC0zNDM2M2JjN2M0YzAiOnsiY3JlYXRlIjoxODAwMDAwMDAwMDAwLCJkZWxldGUiOjE4MDAwMDAwMDAwMDAsInJlYWQiOjMwMDAwMDAwMDAwMCwidXBkYXRlIjoxODAwMDAwMDAwMDAwfX0=",
          "dependencies": [
            "module.resource_group.azurerm_resource_group.project_dvwa"
          ]
        }
      ]
    },
    {
      "module": "module.network",
      "mode": "managed",
      "type": "azurerm_public_ip",
      "name": "public_ip_3",
      "provider": "provider[\"registry.terraform.io/hashicorp/azurerm\"]",
      "instances": [
        {
          "schema_version": 0,
          "attributes": {
            "allocation_method": "Static",
            "ddos_protection_mode": "VirtualNetworkInherited",
            "ddos_protection_plan_id": null,
            "domain_name_label": null,
            "edge_zone": "",
            "fqdn": null,
            "id": "/subscriptions/0cd2f854-b0eb-4100-b40d-2d8f27c8ee54/resourceGroups/project_dvwa/providers/Microsoft.Network/publicIPAddresses/public_ip_3",
            "idle_timeout_in_minutes": 4,
            "ip_address": "20.49.141.198",
            "ip_tags": {},
            "ip_version": "IPv4",
            "location": "uksouth",
            "name": "public_ip_3",
            "public_ip_prefix_id": null,
            "resource_group_name": "project_dvwa",
            "reverse_fqdn": null,
            "sku": "Standard",
            "sku_tier": "Regional",
            "tags": {},
            "timeouts": null,
            "zones": [
              "1",
              "2",
              "3"
            ]
          },
          "sensitive_attributes": [],
          "private": "eyJlMmJmYjczMC1lY2FhLTExZTYtOGY4OC0zNDM2M2JjN2M0YzAiOnsiY3JlYXRlIjoxODAwMDAwMDAwMDAwLCJkZWxldGUiOjE4MDAwMDAwMDAwMDAsInJlYWQiOjMwMDAwMDAwMDAwMCwidXBkYXRlIjoxODAwMDAwMDAwMDAwfX0=",
          "dependencies": [
            "module.resource_group.azurerm_resource_group.project_dvwa"
          ]
        }
      ]
    },
    {
      "module": "module.network",
      "mode": "managed",
      "type": "azurerm_subnet",
      "name": "dvwa_subnet_1",
      "provider": "provider[\"registry.terraform.io/hashicorp/azurerm\"]",
      "instances": [
        {
          "schema_version": 0,
          "attributes": {
            "address_prefixes": [
              "10.0.1.0/24"
            ],
            "delegation": [],
            "enforce_private_link_endpoint_network_policies": false,
            "enforce_private_link_service_network_policies": false,
            "id": "/subscriptions/0cd2f854-b0eb-4100-b40d-2d8f27c8ee54/resourceGroups/project_dvwa/providers/Microsoft.Network/virtualNetworks/dvwa_network_1/subnets/dvwa_subnet_1",
            "name": "dvwa_subnet_1",
            "private_endpoint_network_policies_enabled": true,
            "private_link_service_network_policies_enabled": true,
            "resource_group_name": "project_dvwa",
            "service_endpoint_policy_ids": [],
            "service_endpoints": [],
            "timeouts": null,
            "virtual_network_name": "dvwa_network_1"
          },
          "sensitive_attributes": [],
          "private": "eyJlMmJmYjczMC1lY2FhLTExZTYtOGY4OC0zNDM2M2JjN2M0YzAiOnsiY3JlYXRlIjoxODAwMDAwMDAwMDAwLCJkZWxldGUiOjE4MDAwMDAwMDAwMDAsInJlYWQiOjMwMDAwMDAwMDAwMCwidXBkYXRlIjoxODAwMDAwMDAwMDAwfX0=",
          "dependencies": [
            "module.network.azurerm_virtual_network.dvwa_network_1",
            "module.resource_group.azurerm_resource_group.project_dvwa"
          ]
        }
      ]
    },
    {
      "module": "module.network",
      "mode": "managed",
      "type": "azurerm_subnet",
      "name": "dvwa_subnet_2",
      "provider": "provider[\"registry.terraform.io/hashicorp/azurerm\"]",
      "instances": [
        {
          "schema_version": 0,
          "attributes": {
            "address_prefixes": [
              "10.0.2.0/24"
            ],
            "delegation": [],
            "enforce_private_link_endpoint_network_policies": false,
            "enforce_private_link_service_network_policies": false,
            "id": "/subscriptions/0cd2f854-b0eb-4100-b40d-2d8f27c8ee54/resourceGroups/project_dvwa/providers/Microsoft.Network/virtualNetworks/dvwa_network_1/subnets/dvwa_subnet_2",
            "name": "dvwa_subnet_2",
            "private_endpoint_network_policies_enabled": true,
            "private_link_service_network_policies_enabled": true,
            "resource_group_name": "project_dvwa",
            "service_endpoint_policy_ids": [],
            "service_endpoints": [],
            "timeouts": null,
            "virtual_network_name": "dvwa_network_1"
          },
          "sensitive_attributes": [],
          "private": "eyJlMmJmYjczMC1lY2FhLTExZTYtOGY4OC0zNDM2M2JjN2M0YzAiOnsiY3JlYXRlIjoxODAwMDAwMDAwMDAwLCJkZWxldGUiOjE4MDAwMDAwMDAwMDAsInJlYWQiOjMwMDAwMDAwMDAwMCwidXBkYXRlIjoxODAwMDAwMDAwMDAwfX0=",
          "dependencies": [
            "module.network.azurerm_virtual_network.dvwa_network_1",
            "module.resource_group.azurerm_resource_group.project_dvwa"
          ]
        }
      ]
    },
    {
      "module": "module.network",
      "mode": "managed",
      "type": "azurerm_subnet",
      "name": "frontend_subnet",
      "provider": "provider[\"registry.terraform.io/hashicorp/azurerm\"]",
      "instances": [
        {
          "schema_version": 0,
          "attributes": {
            "address_prefixes": [
              "10.0.3.0/24"
            ],
            "delegation": [],
            "enforce_private_link_endpoint_network_policies": false,
            "enforce_private_link_service_network_policies": false,
            "id": "/subscriptions/0cd2f854-b0eb-4100-b40d-2d8f27c8ee54/resourceGroups/project_dvwa/providers/Microsoft.Network/virtualNetworks/dvwa_network_1/subnets/frontend_subnet",
            "name": "frontend_subnet",
            "private_endpoint_network_policies_enabled": true,
            "private_link_service_network_policies_enabled": true,
            "resource_group_name": "project_dvwa",
            "service_endpoint_policy_ids": [],
            "service_endpoints": [],
            "timeouts": null,
            "virtual_network_name": "dvwa_network_1"
          },
          "sensitive_attributes": [],
          "private": "eyJlMmJmYjczMC1lY2FhLTExZTYtOGY4OC0zNDM2M2JjN2M0YzAiOnsiY3JlYXRlIjoxODAwMDAwMDAwMDAwLCJkZWxldGUiOjE4MDAwMDAwMDAwMDAsInJlYWQiOjMwMDAwMDAwMDAwMCwidXBkYXRlIjoxODAwMDAwMDAwMDAwfX0=",
          "dependencies": [
            "module.network.azurerm_virtual_network.dvwa_network_1",
            "module.resource_group.azurerm_resource_group.project_dvwa"
          ]
        }
      ]
    },
    {
      "module": "module.network",
      "mode": "managed",
      "type": "azurerm_virtual_network",
      "name": "dvwa_network_1",
      "provider": "provider[\"registry.terraform.io/hashicorp/azurerm\"]",
      "instances": [
        {
          "schema_version": 0,
          "attributes": {
            "address_space": [
              "10.0.0.0/16"
            ],
            "bgp_community": "",
            "ddos_protection_plan": [],
            "dns_servers": [],
            "edge_zone": "",
            "flow_timeout_in_minutes": 0,
            "guid": "bc618950-6865-4cff-b88c-c413514e9125",
            "id": "/subscriptions/0cd2f854-b0eb-4100-b40d-2d8f27c8ee54/resourceGroups/project_dvwa/providers/Microsoft.Network/virtualNetworks/dvwa_network_1",
            "location": "uksouth",
            "name": "dvwa_network_1",
            "resource_group_name": "project_dvwa",
            "subnet": [
              {
                "address_prefix": "10.0.1.0/24",
                "id": "/subscriptions/0cd2f854-b0eb-4100-b40d-2d8f27c8ee54/resourceGroups/project_dvwa/providers/Microsoft.Network/virtualNetworks/dvwa_network_1/subnets/dvwa_subnet_1",
                "name": "dvwa_subnet_1",
                "security_group": ""
              },
              {
                "address_prefix": "10.0.2.0/24",
                "id": "/subscriptions/0cd2f854-b0eb-4100-b40d-2d8f27c8ee54/resourceGroups/project_dvwa/providers/Microsoft.Network/virtualNetworks/dvwa_network_1/subnets/dvwa_subnet_2",
                "name": "dvwa_subnet_2",
                "security_group": ""
              },
              {
                "address_prefix": "10.0.3.0/24",
                "id": "/subscriptions/0cd2f854-b0eb-4100-b40d-2d8f27c8ee54/resourceGroups/project_dvwa/providers/Microsoft.Network/virtualNetworks/dvwa_network_1/subnets/frontend_subnet",
                "name": "frontend_subnet",
                "security_group": ""
              }
            ],
            "tags": {},
            "timeouts": null
          },
          "sensitive_attributes": [],
          "private": "eyJlMmJmYjczMC1lY2FhLTExZTYtOGY4OC0zNDM2M2JjN2M0YzAiOnsiY3JlYXRlIjoxODAwMDAwMDAwMDAwLCJkZWxldGUiOjE4MDAwMDAwMDAwMDAsInJlYWQiOjMwMDAwMDAwMDAwMCwidXBkYXRlIjoxODAwMDAwMDAwMDAwfX0=",
          "dependencies": [
            "module.resource_group.azurerm_resource_group.project_dvwa"
          ]
        }
      ]
    },
    {
      "module": "module.resource_group",
      "mode": "managed",
      "type": "azurerm_resource_group",
      "name": "project_dvwa",
      "provider": "provider[\"registry.terraform.io/hashicorp/azurerm\"]",
      "instances": [
        {
          "schema_version": 0,
          "attributes": {
            "id": "/subscriptions/0cd2f854-b0eb-4100-b40d-2d8f27c8ee54/resourceGroups/project_dvwa",
            "location": "uksouth",
            "name": "project_dvwa",
            "tags": {},
            "timeouts": null
          },
          "sensitive_attributes": [],
          "private": "eyJlMmJmYjczMC1lY2FhLTExZTYtOGY4OC0zNDM2M2JjN2M0YzAiOnsiY3JlYXRlIjo1NDAwMDAwMDAwMDAwLCJkZWxldGUiOjU0MDAwMDAwMDAwMDAsInJlYWQiOjMwMDAwMDAwMDAwMCwidXBkYXRlIjo1NDAwMDAwMDAwMDAwfX0="
        }
      ]
    },
    {
      "module": "module.vm",
      "mode": "managed",
      "type": "azurerm_linux_virtual_machine",
      "name": "dvwa_vm_1",
      "provider": "provider[\"registry.terraform.io/hashicorp/azurerm\"]",
      "instances": [
        {
          "schema_version": 0,
          "attributes": {
            "additional_capabilities": [],
            "admin_password": null,
            "admin_ssh_key": [
              {
                "public_key": "ssh-rsa AAAAB3NzaC1yc2EAAAADAQABAAABgQDoLGEoGuDaGi5zqBA5OdfqBMfU7kihFG0958JRHv7rQxMP81Bc3b8KDFqKrsbR+Yting1yjL7UmvDPOAVCoe1oFE0Bn904ftt3phIwHTRto+yYn022IR5fenVcpsFuSox6f2jM3jzouw8U3tkTRtpwzsqZUkHmPflm94Vkw14263wZSUTWqo92/s9nxmmSV882Va3py39yKEwlXlL5aEnTZMk9Ts3z5t6oZbNSVVrkpD1zPS9aQtWh6Og7gRcIlq2FoxfddSrvWysunAoqSip45S2oVt0WUWo8eDTjwL+xG44ZPxlhuaU7xcwX2MleiDMQV3G6Czu+rNA4rTnJDc+Uo+yMHrCgV8cfNQYwhGRQfvIM1AMimz/gzJ/8gU52GMbpgXU6g/9FMaYXzI9ZmTmibnCQg2Jm3awRfcm9IjQjFQC4lxQI4lkKDE1aJxx/u8Fg5AEkvffdGYt5hcPttLlKX7YFGfSvteFgwtLgmejwERTMu6TuCysjmpFy5c+YMpk= james@MintBox\n",
                "username": "james"
              }
            ],
            "admin_username": "james",
            "allow_extension_operations": true,
            "availability_set_id": "",
            "boot_diagnostics": [
              {
                "storage_account_uri": "https://diagb11a3f01612eb8eb.blob.core.windows.net/"
              }
            ],
            "capacity_reservation_group_id": "",
            "computer_name": "myvm",
            "custom_data": null,
            "dedicated_host_group_id": "",
            "dedicated_host_id": "",
            "disable_password_authentication": true,
            "edge_zone": "",
            "encryption_at_host_enabled": false,
            "eviction_policy": "",
            "extensions_time_budget": "PT1H30M",
            "gallery_application": [],
            "id": "/subscriptions/0cd2f854-b0eb-4100-b40d-2d8f27c8ee54/resourceGroups/project_dvwa/providers/Microsoft.Compute/virtualMachines/dvwa_vm_1",
            "identity": [],
            "license_type": "",
            "location": "uksouth",
            "max_bid_price": -1,
            "name": "dvwa_vm_1",
            "network_interface_ids": [
              "/subscriptions/0cd2f854-b0eb-4100-b40d-2d8f27c8ee54/resourceGroups/project_dvwa/providers/Microsoft.Network/networkInterfaces/dvwa_nic_1"
            ],
            "os_disk": [
              {
                "caching": "ReadWrite",
                "diff_disk_settings": [],
                "disk_encryption_set_id": "",
                "disk_size_gb": 30,
                "name": "dvwa_disk_1",
                "secure_vm_disk_encryption_set_id": "",
                "security_encryption_type": "",
                "storage_account_type": "Standard_LRS",
                "write_accelerator_enabled": false
              }
            ],
            "patch_assessment_mode": "ImageDefault",
            "patch_mode": "ImageDefault",
            "plan": [],
            "platform_fault_domain": -1,
            "priority": "Regular",
            "private_ip_address": "10.0.1.4",
            "private_ip_addresses": [
              "10.0.1.4"
            ],
            "provision_vm_agent": true,
            "proximity_placement_group_id": "",
            "public_ip_address": "172.167.240.23",
            "public_ip_addresses": [
              "172.167.240.23"
            ],
            "resource_group_name": "project_dvwa",
            "secret": [],
            "secure_boot_enabled": false,
            "size": "Standard_B1ls",
            "source_image_id": "",
            "source_image_reference": [
              {
                "offer": "0001-com-ubuntu-server-focal",
                "publisher": "Canonical",
                "sku": "20_04-lts-gen2",
                "version": "latest"
              }
            ],
            "tags": {},
            "termination_notification": [],
            "timeouts": null,
            "user_data": "",
            "virtual_machine_id": "eec72053-0f0e-493e-a91b-eb74e6924ce2",
            "virtual_machine_scale_set_id": "",
            "vtpm_enabled": false,
            "zone": "2"
          },
          "sensitive_attributes": [],
          "private": "eyJlMmJmYjczMC1lY2FhLTExZTYtOGY4OC0zNDM2M2JjN2M0YzAiOnsiY3JlYXRlIjoyNzAwMDAwMDAwMDAwLCJkZWxldGUiOjI3MDAwMDAwMDAwMDAsInJlYWQiOjMwMDAwMDAwMDAwMCwidXBkYXRlIjoyNzAwMDAwMDAwMDAwfX0=",
          "dependencies": [
            "module.network.azurerm_network_interface.dvwa_nic_1",
            "module.network.azurerm_public_ip.public_ip_1",
            "module.network.azurerm_subnet.dvwa_subnet_1",
            "module.network.azurerm_virtual_network.dvwa_network_1",
            "module.resource_group.azurerm_resource_group.project_dvwa",
            "module.vm.azurerm_storage_account.project_dvwa",
            "module.vm.random_id.random_id"
          ]
        }
      ]
    },
    {
      "module": "module.vm",
      "mode": "managed",
      "type": "azurerm_linux_virtual_machine",
      "name": "dvwa_vm_2",
      "provider": "provider[\"registry.terraform.io/hashicorp/azurerm\"]",
      "instances": [
        {
          "schema_version": 0,
          "attributes": {
            "additional_capabilities": [],
            "admin_password": null,
            "admin_ssh_key": [
              {
                "public_key": "ssh-rsa AAAAB3NzaC1yc2EAAAADAQABAAABgQDoLGEoGuDaGi5zqBA5OdfqBMfU7kihFG0958JRHv7rQxMP81Bc3b8KDFqKrsbR+Yting1yjL7UmvDPOAVCoe1oFE0Bn904ftt3phIwHTRto+yYn022IR5fenVcpsFuSox6f2jM3jzouw8U3tkTRtpwzsqZUkHmPflm94Vkw14263wZSUTWqo92/s9nxmmSV882Va3py39yKEwlXlL5aEnTZMk9Ts3z5t6oZbNSVVrkpD1zPS9aQtWh6Og7gRcIlq2FoxfddSrvWysunAoqSip45S2oVt0WUWo8eDTjwL+xG44ZPxlhuaU7xcwX2MleiDMQV3G6Czu+rNA4rTnJDc+Uo+yMHrCgV8cfNQYwhGRQfvIM1AMimz/gzJ/8gU52GMbpgXU6g/9FMaYXzI9ZmTmibnCQg2Jm3awRfcm9IjQjFQC4lxQI4lkKDE1aJxx/u8Fg5AEkvffdGYt5hcPttLlKX7YFGfSvteFgwtLgmejwERTMu6TuCysjmpFy5c+YMpk= james@MintBox\n",
                "username": "james"
              }
            ],
            "admin_username": "james",
            "allow_extension_operations": true,
            "availability_set_id": "",
            "boot_diagnostics": [
              {
                "storage_account_uri": "https://diagb11a3f01612eb8eb.blob.core.windows.net/"
              }
            ],
            "capacity_reservation_group_id": "",
            "computer_name": "myvm",
            "custom_data": null,
            "dedicated_host_group_id": "",
            "dedicated_host_id": "",
            "disable_password_authentication": true,
            "edge_zone": "",
            "encryption_at_host_enabled": false,
            "eviction_policy": "",
            "extensions_time_budget": "PT1H30M",
            "gallery_application": [],
            "id": "/subscriptions/0cd2f854-b0eb-4100-b40d-2d8f27c8ee54/resourceGroups/project_dvwa/providers/Microsoft.Compute/virtualMachines/dvwa_vm_2",
            "identity": [],
            "license_type": "",
            "location": "uksouth",
            "max_bid_price": -1,
            "name": "dvwa_vm_2",
            "network_interface_ids": [
              "/subscriptions/0cd2f854-b0eb-4100-b40d-2d8f27c8ee54/resourceGroups/project_dvwa/providers/Microsoft.Network/networkInterfaces/dvwa_nic_2"
            ],
            "os_disk": [
              {
                "caching": "ReadWrite",
                "diff_disk_settings": [],
                "disk_encryption_set_id": "",
                "disk_size_gb": 30,
                "name": "dvwa_disk_2",
                "secure_vm_disk_encryption_set_id": "",
                "security_encryption_type": "",
                "storage_account_type": "Standard_LRS",
                "write_accelerator_enabled": false
              }
            ],
            "patch_assessment_mode": "ImageDefault",
            "patch_mode": "ImageDefault",
            "plan": [],
            "platform_fault_domain": -1,
            "priority": "Regular",
            "private_ip_address": "10.0.2.4",
            "private_ip_addresses": [
              "10.0.2.4"
            ],
            "provision_vm_agent": true,
            "proximity_placement_group_id": "",
            "public_ip_address": "20.77.68.219",
            "public_ip_addresses": [
              "20.77.68.219"
            ],
            "resource_group_name": "project_dvwa",
            "secret": [],
            "secure_boot_enabled": false,
            "size": "Standard_B1ls",
            "source_image_id": "",
            "source_image_reference": [
              {
                "offer": "0001-com-ubuntu-server-focal",
                "publisher": "Canonical",
                "sku": "20_04-lts-gen2",
                "version": "latest"
              }
            ],
            "tags": null,
            "termination_notification": null,
            "timeouts": null,
            "user_data": "",
            "virtual_machine_id": "5e6a5e12-b201-4fe0-b1c7-7235db4f419e",
            "virtual_machine_scale_set_id": "",
            "vtpm_enabled": false,
            "zone": "3"
          },
          "sensitive_attributes": [],
          "private": "eyJlMmJmYjczMC1lY2FhLTExZTYtOGY4OC0zNDM2M2JjN2M0YzAiOnsiY3JlYXRlIjoyNzAwMDAwMDAwMDAwLCJkZWxldGUiOjI3MDAwMDAwMDAwMDAsInJlYWQiOjMwMDAwMDAwMDAwMCwidXBkYXRlIjoyNzAwMDAwMDAwMDAwfX0=",
          "dependencies": [
            "module.network.azurerm_network_interface.dvwa_nic_2",
            "module.resource_group.azurerm_resource_group.project_dvwa",
            "module.vm.azurerm_storage_account.project_dvwa"
          ]
        }
      ]
    },
    {
      "module": "module.vm",
      "mode": "managed",
      "type": "azurerm_storage_account",
      "name": "project_dvwa",
      "provider": "provider[\"registry.terraform.io/hashicorp/azurerm\"]",
      "instances": [
        {
          "schema_version": 3,
          "attributes": {
            "access_tier": "Hot",
            "account_kind": "StorageV2",
            "account_replication_type": "LRS",
            "account_tier": "Standard",
            "allow_nested_items_to_be_public": true,
            "allowed_copy_scope": "",
            "azure_files_authentication": [],
            "blob_properties": [
              {
                "change_feed_enabled": false,
                "change_feed_retention_in_days": 0,
                "container_delete_retention_policy": [],
                "cors_rule": [],
                "default_service_version": "",
                "delete_retention_policy": [],
                "last_access_time_enabled": false,
                "restore_policy": [],
                "versioning_enabled": false
              }
            ],
            "cross_tenant_replication_enabled": true,
            "custom_domain": [],
            "customer_managed_key": [],
            "default_to_oauth_authentication": false,
            "edge_zone": "",
            "enable_https_traffic_only": true,
            "id": "/subscriptions/0cd2f854-b0eb-4100-b40d-2d8f27c8ee54/resourceGroups/project_dvwa/providers/Microsoft.Storage/storageAccounts/diagb11a3f01612eb8eb",
            "identity": [],
            "immutability_policy": [],
            "infrastructure_encryption_enabled": false,
            "is_hns_enabled": false,
            "large_file_share_enabled": null,
            "location": "uksouth",
            "min_tls_version": "TLS1_2",
            "name": "diagb11a3f01612eb8eb",
            "network_rules": [
              {
                "bypass": [
                  "AzureServices"
                ],
                "default_action": "Allow",
                "ip_rules": [],
                "private_link_access": [],
                "virtual_network_subnet_ids": []
              }
            ],
            "nfsv3_enabled": false,
            "primary_access_key": "1ulYLpUORR4TOufG94nLNLJUf7IirL4fs0gvhTrFtu5p9FfizkqGJ5O0DSYOVqnGAaT+ELW0CaQo+AStFM0dWA==",
            "primary_blob_connection_string": "DefaultEndpointsProtocol=https;BlobEndpoint=https://diagb11a3f01612eb8eb.blob.core.windows.net/;AccountName=diagb11a3f01612eb8eb;AccountKey=1ulYLpUORR4TOufG94nLNLJUf7IirL4fs0gvhTrFtu5p9FfizkqGJ5O0DSYOVqnGAaT+ELW0CaQo+AStFM0dWA==",
            "primary_blob_endpoint": "https://diagb11a3f01612eb8eb.blob.core.windows.net/",
            "primary_blob_host": "diagb11a3f01612eb8eb.blob.core.windows.net",
            "primary_connection_string": "DefaultEndpointsProtocol=https;AccountName=diagb11a3f01612eb8eb;AccountKey=1ulYLpUORR4TOufG94nLNLJUf7IirL4fs0gvhTrFtu5p9FfizkqGJ5O0DSYOVqnGAaT+ELW0CaQo+AStFM0dWA==;EndpointSuffix=core.windows.net",
            "primary_dfs_endpoint": "https://diagb11a3f01612eb8eb.dfs.core.windows.net/",
            "primary_dfs_host": "diagb11a3f01612eb8eb.dfs.core.windows.net",
            "primary_file_endpoint": "https://diagb11a3f01612eb8eb.file.core.windows.net/",
            "primary_file_host": "diagb11a3f01612eb8eb.file.core.windows.net",
            "primary_location": "uksouth",
            "primary_queue_endpoint": "https://diagb11a3f01612eb8eb.queue.core.windows.net/",
            "primary_queue_host": "diagb11a3f01612eb8eb.queue.core.windows.net",
            "primary_table_endpoint": "https://diagb11a3f01612eb8eb.table.core.windows.net/",
            "primary_table_host": "diagb11a3f01612eb8eb.table.core.windows.net",
            "primary_web_endpoint": "https://diagb11a3f01612eb8eb.z33.web.core.windows.net/",
            "primary_web_host": "diagb11a3f01612eb8eb.z33.web.core.windows.net",
            "public_network_access_enabled": true,
            "queue_encryption_key_type": "Service",
            "queue_properties": [
              {
                "cors_rule": [],
                "hour_metrics": [
                  {
                    "enabled": true,
                    "include_apis": true,
                    "retention_policy_days": 7,
                    "version": "1.0"
                  }
                ],
                "logging": [
                  {
                    "delete": false,
                    "read": false,
                    "retention_policy_days": 0,
                    "version": "1.0",
                    "write": false
                  }
                ],
                "minute_metrics": [
                  {
                    "enabled": false,
                    "include_apis": false,
                    "retention_policy_days": 0,
                    "version": "1.0"
                  }
                ]
              }
            ],
            "resource_group_name": "project_dvwa",
            "routing": [],
            "sas_policy": [],
            "secondary_access_key": "rdU+OsHtVpbJBY+VYJ0ShAyACvUgUotH+/jE24pNB6TXHAjAoLmKclQAOmffm3YC/ysBd5gzayyN+AStuO/CzA==",
            "secondary_blob_connection_string": "",
            "secondary_blob_endpoint": null,
            "secondary_blob_host": null,
            "secondary_connection_string": "DefaultEndpointsProtocol=https;AccountName=diagb11a3f01612eb8eb;AccountKey=rdU+OsHtVpbJBY+VYJ0ShAyACvUgUotH+/jE24pNB6TXHAjAoLmKclQAOmffm3YC/ysBd5gzayyN+AStuO/CzA==;EndpointSuffix=core.windows.net",
            "secondary_dfs_endpoint": null,
            "secondary_dfs_host": null,
            "secondary_file_endpoint": null,
            "secondary_file_host": null,
            "secondary_location": "",
            "secondary_queue_endpoint": null,
            "secondary_queue_host": null,
            "secondary_table_endpoint": null,
            "secondary_table_host": null,
            "secondary_web_endpoint": null,
            "secondary_web_host": null,
            "sftp_enabled": false,
            "share_properties": [
              {
                "cors_rule": [],
                "retention_policy": [
                  {
                    "days": 7
                  }
                ],
                "smb": []
              }
            ],
            "shared_access_key_enabled": true,
            "static_website": [],
            "table_encryption_key_type": "Service",
            "tags": {},
            "timeouts": null
          },
          "sensitive_attributes": [],
          "private": "eyJlMmJmYjczMC1lY2FhLTExZTYtOGY4OC0zNDM2M2JjN2M0YzAiOnsiY3JlYXRlIjozNjAwMDAwMDAwMDAwLCJkZWxldGUiOjM2MDAwMDAwMDAwMDAsInJlYWQiOjMwMDAwMDAwMDAwMCwidXBkYXRlIjozNjAwMDAwMDAwMDAwfSwic2NoZW1hX3ZlcnNpb24iOiIzIn0=",
          "dependencies": [
            "module.resource_group.azurerm_resource_group.project_dvwa",
            "module.vm.random_id.random_id"
          ]
        }
      ]
    },
    {
      "module": "module.vm",
      "mode": "managed",
      "type": "random_id",
      "name": "random_id",
      "provider": "provider[\"registry.terraform.io/hashicorp/random\"]",
      "instances": [
        {
          "schema_version": 0,
          "attributes": {
            "b64_std": "sRo/AWEuuOs=",
            "b64_url": "sRo_AWEuuOs",
            "byte_length": 8,
            "dec": "12761581769265690859",
            "hex": "b11a3f01612eb8eb",
            "id": "sRo_AWEuuOs",
            "keepers": {
              "resource_group_name": "project_dvwa"
            },
            "prefix": null
          },
          "sensitive_attributes": [],
          "dependencies": [
            "module.resource_group.azurerm_resource_group.project_dvwa"
          ]
        }
      ]
    }
  ],
  "check_results": null
}
